
Microsoft Visual Studio Solution File, Format Version 12.00
# Visual Studio Version 16
VisualStudioVersion = 16.0.31205.134
MinimumVisualStudioVersion = 10.0.40219.1
Project("{FAE04EC0-301F-11D3-BF4B-00C04F79EFBC}") = "DemoAppleSignIn.Android", "DemoAppleSignIn\DemoAppleSignIn.Android\DemoAppleSignIn.Android.csproj", "{DFFE8440-BBC7-42A7-856A-012F2FE59E28}"
EndProject
Project("{FAE04EC0-301F-11D3-BF4B-00C04F79EFBC}") = "DemoAppleSignIn.iOS", "DemoAppleSignIn\DemoAppleSignIn.iOS\DemoAppleSignIn.iOS.csproj", "{49E6C6FA-F5B7-4CD6-92B0-7C38C3BCBF9C}"
EndProject
Project("{FAE04EC0-301F-11D3-BF4B-00C04F79EFBC}") = "DemoAppleSignIn", "DemoAppleSignIn\DemoAppleSignIn\DemoAppleSignIn.csproj", "{AB13F542-4038-4514-BB2F-25B5726F5944}"
EndProject
Global
	GlobalSection(SolutionConfigurationPlatforms) = preSolution
		Debug|Any CPU = Debug|Any CPU
		Debug|iPhone = Debug|iPhone
		Debug|iPhoneSimulator = Debug|iPhoneSimulator
		Release|Any CPU = Release|Any CPU
		Release|iPhone = Release|iPhone
		Release|iPhoneSimulator = Release|iPhoneSimulator
	EndGlobalSection
	GlobalSection(ProjectConfigurationPlatforms) = postSolution
		{DFFE8440-BBC7-42A7-856A-012F2FE59E28}.Debug|Any CPU.ActiveCfg = Debug|Any CPU
		{DFFE8440-BBC7-42A7-856A-012F2FE59E28}.Debug|Any CPU.Build.0 = Debug|Any CPU
		{DFFE8440-BBC7-42A7-856A-012F2FE59E28}.Debug|Any CPU.Deploy.0 = Debug|Any CPU
		{DFFE8440-BBC7-42A7-856A-012F2FE59E28}.Debug|iPhone.ActiveCfg = Debug|Any CPU
		{DFFE8440-BBC7-42A7-856A-012F2FE59E28}.Debug|iPhone.Build.0 = Debug|Any CPU
		{DFFE8440-BBC7-42A7-856A-012F2FE59E28}.Debug|iPhone.Deploy.0 = Debug|Any CPU
		{DFFE8440-BBC7-42A7-856A-012F2FE59E28}.Debug|iPhoneSimulator.ActiveCfg = Debug|Any CPU
		{DFFE8440-BBC7-42A7-856A-012F2FE59E28}.Debug|iPhoneSimulator.Build.0 = Debug|Any CPU
		{DFFE8440-BBC7-42A7-856A-012F2FE59E28}.Debug|iPhoneSimulator.Deploy.0 = Debug|Any CPU
		{DFFE8440-BBC7-42A7-856A-012F2FE59E28}.Release|Any CPU.ActiveCfg = Release|Any CPU
		{DFFE8440-BBC7-42A7-856A-012F2FE59E28}.Release|Any CPU.Build.0 = Release|Any CPU
		{DFFE8440-BBC7-42A7-856A-012F2FE59E28}.Release|Any CPU.Deploy.0 = Release|Any CPU
		{DFFE8440-BBC7-42A7-856A-012F2FE59E28}.Release|iPhone.ActiveCfg = Release|Any CPU
		{DFFE8440-BBC7-42A7-856A-012F2FE59E28}.Release|iPhone.Build.0 = Release|Any CPU
		{DFFE8440-BBC7-42A7-856A-012F2FE59E28}.Release|iPhone.Deploy.0 = Release|Any CPU
		{DFFE8440-BBC7-42A7-856A-012F2FE59E28}.Release|iPhoneSimulator.ActiveCfg = Release|Any CPU
		{DFFE8440-BBC7-42A7-856A-012F2FE59E28}.Release|iPhoneSimulator.Build.0 = Release|Any CPU
		{DFFE8440-BBC7-42A7-856A-012F2FE59E28}.Release|iPhoneSimulator.Deploy.0 = Release|Any CPU
		{49E6C6FA-F5B7-4CD6-92B0-7C38C3BCBF9C}.Debug|Any CPU.ActiveCfg = Debug|iPhone
		{49E6C6FA-F5B7-4CD6-92B0-7C38C3BCBF9C}.Debug|Any CPU.Build.0 = Debug|iPhone
		{49E6C6FA-F5B7-4CD6-92B0-7C38C3BCBF9C}.Debug|Any CPU.Deploy.0 = Debug|iPhone
		{49E6C6FA-F5B7-4CD6-92B0-7C38C3BCBF9C}.Debug|iPhone.ActiveCfg = Debug|iPhone
		{49E6C6FA-F5B7-4CD6-92B0-7C38C3BCBF9C}.Debug|iPhone.Build.0 = Debug|iPhone
		{49E6C6FA-F5B7-4CD6-92B0-7C38C3BCBF9C}.Debug|iPhone.Deploy.0 = Debug|iPhone
		{49E6C6FA-F5B7-4CD6-92B0-7C38C3BCBF9C}.Debug|iPhoneSimulator.ActiveCfg = Debug|iPhoneSimulator
		{49E6C6FA-F5B7-4CD6-92B0-7C38C3BCBF9C}.Debug|iPhoneSimulator.Build.0 = Debug|iPhoneSimulator
		{49E6C6FA-F5B7-4CD6-92B0-7C38C3BCBF9C}.Debug|iPhoneSimulator.Deploy.0 = Debug|iPhoneSimulator
		{49E6C6FA-F5B7-4CD6-92B0-7C38C3BCBF9C}.Release|Any CPU.ActiveCfg = Release|iPhoneSimulator
		{49E6C6FA-F5B7-4CD6-92B0-7C38C3BCBF9C}.Release|Any CPU.Build.0 = Release|iPhoneSimulator
		{49E6C6FA-F5B7-4CD6-92B0-7C38C3BCBF9C}.Release|Any CPU.Deploy.0 = Release|iPhoneSimulator
		{49E6C6FA-F5B7-4CD6-92B0-7C38C3BCBF9C}.Release|iPhone.ActiveCfg = Release|iPhone
		{49E6C6FA-F5B7-4CD6-92B0-7C38C3BCBF9C}.Release|iPhone.Build.0 = Release|iPhone
		{49E6C6FA-F5B7-4CD6-92B0-7C38C3BCBF9C}.Release|iPhone.Deploy.0 = Release|iPhone
		{49E6C6FA-F5B7-4CD6-92B0-7C38C3BCBF9C}.Release|iPhoneSimulator.ActiveCfg = Release|iPhoneSimulator
		{49E6C6FA-F5B7-4CD6-92B0-7C38C3BCBF9C}.Release|iPhoneSimulator.Build.0 = Release|iPhoneSimulator
		{49E6C6FA-F5B7-4CD6-92B0-7C38C3BCBF9C}.Release|iPhoneSimulator.Deploy.0 = Release|iPhoneSimulator
		{AB13F542-4038-4514-BB2F-25B5726F5944}.Debug|Any CPU.ActiveCfg = Debug|Any CPU
		{AB13F542-4038-4514-BB2F-25B5726F5944}.Debug|Any CPU.Build.0 = Debug|Any CPU
		{AB13F542-4038-4514-BB2F-25B5726F5944}.Debug|Any CPU.Deploy.0 = Debug|Any CPU
		{AB13F542-4038-4514-BB2F-25B5726F5944}.Debug|iPhone.ActiveCfg = Debug|Any CPU
		{AB13F542-4038-4514-BB2F-25B5726F5944}.Debug|iPhone.Build.0 = Debug|Any CPU
		{AB13F542-4038-4514-BB2F-25B5726F5944}.Debug|iPhone.Deploy.0 = Debug|Any CPU
		{AB13F542-4038-4514-BB2F-25B5726F5944}.Debug|iPhoneSimulator.ActiveCfg = Debug|Any CPU
		{AB13F542-4038-4514-BB2F-25B5726F5944}.Debug|iPhoneSimulator.Build.0 = Debug|Any CPU
		{AB13F542-4038-4514-BB2F-25B5726F5944}.Debug|iPhoneSimulator.Deploy.0 = Debug|Any CPU
		{AB13F542-4038-4514-BB2F-25B5726F5944}.Release|Any CPU.ActiveCfg = Release|Any CPU
		{AB13F542-4038-4514-BB2F-25B5726F5944}.Release|Any CPU.Build.0 = Release|Any CPU
		{AB13F542-4038-4514-BB2F-25B5726F5944}.Release|Any CPU.Deploy.0 = Release|Any CPU
		{AB13F542-4038-4514-BB2F-25B5726F5944}.Release|iPhone.ActiveCfg = Release|Any CPU
		{AB13F542-4038-4514-BB2F-25B5726F5944}.Release|iPhone.Build.0 = Release|Any CPU
		{AB13F542-4038-4514-BB2F-25B5726F5944}.Release|iPhone.Deploy.0 = Release|Any CPU
		{AB13F542-4038-4514-BB2F-25B5726F5944}.Release|iPhoneSimulator.ActiveCfg = Release|Any CPU
		{AB13F542-4038-4514-BB2F-25B5726F5944}.Release|iPhoneSimulator.Build.0 = Release|Any CPU
		{AB13F542-4038-4514-BB2F-25B5726F5944}.Release|iPhoneSimulator.Deploy.0 = Release|Any CPU
	EndGlobalSection
	GlobalSection(SolutionProperties) = preSolution
		HideSolutionNode = FALSE
	EndGlobalSection
	GlobalSection(ExtensibilityGlobals) = postSolution
		SolutionGuid = {61AFF4F1-4541-4750-86F6-1CFE9A113884}
	EndGlobalSection
EndGlobal
